hash: 383ea464d8ee424d923fcbe0aa4f9352d1d800e5f7516ad6ca4c491ac80fef9f
updated: 2018-12-02T03:04:22.618089+01:00
imports:
- name: github.com/go-telegram-bot-api/telegram-bot-api
  version: 9860bdfd3a171ceafb6e1eafa163482a6ef92643
- name: github.com/joho/godotenv
  version: 23d116af351c84513e1946b527c88823e476be13
- name: github.com/konsorten/go-windows-terminal-sequences
  version: 5c8c8bd35d3832f5d134ae1e1e375b69a4d25242
- name: github.com/sirupsen/logrus
  version: 29d7eb25e8ffa54207ff5a9a5c3d63e95be2cc39
- name: github.com/technoweenie/multipartstreamer
  version: a90a01d73ae432e2611d178c18367fbaa13e0154
- name: golang.org/x/crypto
  version: eb0de9b17e854e9b1ccd9963efafc79862359959
  subpackages:
  - ssh/terminal
- name: golang.org/x/sys
  version: 4ed8d59d0b35e1e29334a206d1b3f38b1e5dfb31
  subpackages:
  - unix
  - windows
testImports: []
